
Microsoft Visual Studio Solution File, Format Version 12.00
# Visual Studio Version 17
VisualStudioVersion = 17.7.33711.374
MinimumVisualStudioVersion = 10.0.40219.1
Project("{9A19103F-16F7-4668-BE54-9A1E7A4F7556}") = "BulkyWeb", "BulkyWeb\BulkyWeb.csproj", "{4297A6F4-9D0E-46DF-A1A6-86658E317E4E}"
EndProject
Project("{9A19103F-16F7-4668-BE54-9A1E7A4F7556}") = "BulkyWebRazor_Temp", "BulkyWebRazor_Temp\BulkyWebRazor_Temp.csproj", "{C337AB30-D3EB-437E-B6B5-5D1618F3ADA3}"
EndProject
Project("{9A19103F-16F7-4668-BE54-9A1E7A4F7556}") = "Bulky.DataAccess", "Bulky.DataAccess\Bulky.DataAccess.csproj", "{4288B036-0F1E-4A99-BFBB-30800EED1C64}"
EndProject
Project("{9A19103F-16F7-4668-BE54-9A1E7A4F7556}") = "Bulky.Models", "Bulky.Models\Bulky.Models.csproj", "{E73D52DB-2665-4572-ABBE-87E78F078CA3}"
EndProject
Project("{9A19103F-16F7-4668-BE54-9A1E7A4F7556}") = "Bulky.Utility", "Bulky.Utility\Bulky.Utility.csproj", "{FB5A6814-0AF6-4AF0-9C09-45190B562BF1}"
EndProject
Global
	GlobalSection(SolutionConfigurationPlatforms) = preSolution
		Debug|Any CPU = Debug|Any CPU
		Release|Any CPU = Release|Any CPU
	EndGlobalSection
	GlobalSection(ProjectConfigurationPlatforms) = postSolution
		{4297A6F4-9D0E-46DF-A1A6-86658E317E4E}.Debug|Any CPU.ActiveCfg = Debug|Any CPU
		{4297A6F4-9D0E-46DF-A1A6-86658E317E4E}.Debug|Any CPU.Build.0 = Debug|Any CPU
		{4297A6F4-9D0E-46DF-A1A6-86658E317E4E}.Release|Any CPU.ActiveCfg = Release|Any CPU
		{4297A6F4-9D0E-46DF-A1A6-86658E317E4E}.Release|Any CPU.Build.0 = Release|Any CPU
		{C337AB30-D3EB-437E-B6B5-5D1618F3ADA3}.Debug|Any CPU.ActiveCfg = Debug|Any CPU
		{C337AB30-D3EB-437E-B6B5-5D1618F3ADA3}.Debug|Any CPU.Build.0 = Debug|Any CPU
		{C337AB30-D3EB-437E-B6B5-5D1618F3ADA3}.Release|Any CPU.ActiveCfg = Release|Any CPU
		{C337AB30-D3EB-437E-B6B5-5D1618F3ADA3}.Release|Any CPU.Build.0 = Release|Any CPU
		{4288B036-0F1E-4A99-BFBB-30800EED1C64}.Debug|Any CPU.ActiveCfg = Debug|Any CPU
		{4288B036-0F1E-4A99-BFBB-30800EED1C64}.Debug|Any CPU.Build.0 = Debug|Any CPU
		{4288B036-0F1E-4A99-BFBB-30800EED1C64}.Release|Any CPU.ActiveCfg = Release|Any CPU
		{4288B036-0F1E-4A99-BFBB-30800EED1C64}.Release|Any CPU.Build.0 = Release|Any CPU
		{E73D52DB-2665-4572-ABBE-87E78F078CA3}.Debug|Any CPU.ActiveCfg = Debug|Any CPU
		{E73D52DB-2665-4572-ABBE-87E78F078CA3}.Debug|Any CPU.Build.0 = Debug|Any CPU
		{E73D52DB-2665-4572-ABBE-87E78F078CA3}.Release|Any CPU.ActiveCfg = Release|Any CPU
		{E73D52DB-2665-4572-ABBE-87E78F078CA3}.Release|Any CPU.Build.0 = Release|Any CPU
		{FB5A6814-0AF6-4AF0-9C09-45190B562BF1}.Debug|Any CPU.ActiveCfg = Debug|Any CPU
		{FB5A6814-0AF6-4AF0-9C09-45190B562BF1}.Debug|Any CPU.Build.0 = Debug|Any CPU
		{FB5A6814-0AF6-4AF0-9C09-45190B562BF1}.Release|Any CPU.ActiveCfg = Release|Any CPU
		{FB5A6814-0AF6-4AF0-9C09-45190B562BF1}.Release|Any CPU.Build.0 = Release|Any CPU
	EndGlobalSection
	GlobalSection(SolutionProperties) = preSolution
		HideSolutionNode = FALSE
	EndGlobalSection
	GlobalSection(ExtensibilityGlobals) = postSolution
		SolutionGuid = {2C8FF888-838F-47B3-A957-DD9767CD7239}
	EndGlobalSection
EndGlobal
